
Microsoft Visual Studio Solution File, Format Version 12.00
# Visual Studio Version 17
VisualStudioVersion = 17.8.34525.116
MinimumVisualStudioVersion = 10.0.40219.1
Project("{FAE04EC0-301F-11D3-BF4B-00C04F79EFBC}") = "Assignment 5-3-2", "Assignment 5-3-2.csproj", "{F7401ABA-335C-4511-9802-0D14A096B53A}"
EndProject
Global
	GlobalSection(SolutionConfigurationPlatforms) = preSolution
		Debug|Any CPU = Debug|Any CPU
		Release|Any CPU = Release|Any CPU
	EndGlobalSection
	GlobalSection(ProjectConfigurationPlatforms) = postSolution
		{F7401ABA-335C-4511-9802-0D14A096B53A}.Debug|Any CPU.ActiveCfg = Debug|Any CPU
		{F7401ABA-335C-4511-9802-0D14A096B53A}.Debug|Any CPU.Build.0 = Debug|Any CPU
		{F7401ABA-335C-4511-9802-0D14A096B53A}.Release|Any CPU.ActiveCfg = Release|Any CPU
		{F7401ABA-335C-4511-9802-0D14A096B53A}.Release|Any CPU.Build.0 = Release|Any CPU
	EndGlobalSection
	GlobalSection(SolutionProperties) = preSolution
		HideSolutionNode = FALSE
	EndGlobalSection
	GlobalSection(ExtensibilityGlobals) = postSolution
		SolutionGuid = {17E1472D-24DC-4147-9AAB-484F85509E2E}
	EndGlobalSection
EndGlobal
